schema: '2.0'
stages:
  train:
    cmd: set PYTHONPATH=src && python -m weather_au_mlops.train
    deps:
    - path: params.yaml
      hash: md5
      md5: 0487478f40dae05a1678e164e122a8ea
      size: 270
    - path: src/weather_au_mlops/config.py
      hash: md5
      md5: bf25b2fa6dc91437212030446e3f9236
      size: 506
    - path: src/weather_au_mlops/train.py
      hash: md5
      md5: f3edb524b7001a4fe530e4aa97625c23
      size: 1758
    outs:
    - path: artifacts/metrics.json
      hash: md5
      md5: 20e3651f330028b22da5af84bb8ea54a
      size: 26
    - path: artifacts/model.joblib
      hash: md5
      md5: 3210a3884e7375bbea9f5bb24d043a5a
      size: 1039
