schema: '2.0'
stages:
  train:
    cmd: python src/models/train_model.py
    deps:
    - path: data/training_data_splits_by_year
      hash: md5
      md5: b600b0f56bf44523a0dd09f6b7886e78.dir
      size: 318027264
      nfiles: 37
    - path: params.yaml
      hash: md5
      md5: 9b649550700cadeb52bcf09d6903cebb
      size: 796
    - path: src/models/train_model.py
      hash: md5
      md5: b7bef7c4072341f113bc76b955dde29d
      size: 14159
    outs:
    - path: models/xgboost_model.pkl
      hash: md5
      md5: b8736cefb8b0adb1fc74918f4c96a9c9
      size: 1412801
  process:
    cmd: python src/data/preprocess.py
    deps:
    - path: data/raw/weatherAUS.csv
      hash: md5
      md5: 88b31ee88a6309f992051db3dbecfc78
      size: 14098872
    - path: params.yaml
      hash: md5
      md5: 9b649550700cadeb52bcf09d6903cebb
      size: 796
    - path: src/data/preprocess.py
      hash: md5
      md5: 0ff35eb518da2dfd06f68b3f2a5f7b50
      size: 9594
    outs:
    - path: data/interim/df_preprocessed.csv
      hash: md5
      md5: 9e62f566c399452c7efac3ed4d92348a
      size: 13535164
    - path: data/processed
      hash: md5
      md5: 1e1db19afe9bbaedd7698f560fb65866.dir
      size: 61854141
      nfiles: 4
    - path: models/preprocessor.pkl
      hash: md5
      md5: 696473ee39ddc7a4bb1e7e76d2318df5
      size: 4080
  prepare_splits:
    cmd: python src/data/training_data_splits_by_year.py
    deps:
    - path: data/processed
      hash: md5
      md5: 1e1db19afe9bbaedd7698f560fb65866.dir
      size: 61854141
      nfiles: 4
    - path: params.yaml
      hash: md5
      md5: 9b649550700cadeb52bcf09d6903cebb
      size: 796
    - path: src/data/training_data_splits_by_year.py
      hash: md5
      md5: b7bc947496372ddc7da9e61780cf2915
      size: 6960
    outs:
    - path: data/training_data_splits_by_year
      hash: md5
      md5: b600b0f56bf44523a0dd09f6b7886e78.dir
      size: 318027264
      nfiles: 37
