schema: '2.0'
stages:
  train:
    cmd: python src/models/train_model.py
    deps:
    - path: data/training_data_splits_by_year
      hash: md5
      md5: 2a251d05f13facc65ab581d8fe0126a3.dir
      size: 316565387
      nfiles: 37
    - path: params.yaml
      hash: md5
      md5: 9b649550700cadeb52bcf09d6903cebb
      size: 796
    - path: src/models/train_model.py
      hash: md5
      md5: f1269cb768b8146a849c76a31bc1a360
      size: 13965
    outs:
    - path: models/xgboost_model.pkl
      hash: md5
      md5: 01c3430974bc18e93d8c4ceadd590f65
      size: 1412065
  process:
    cmd: python src/data/preprocess.py
    deps:
    - path: data/raw/weatherAUS.csv
      hash: md5
      md5: 88b31ee88a6309f992051db3dbecfc78
      size: 14098872
    - path: params.yaml
      hash: md5
      md5: 9b649550700cadeb52bcf09d6903cebb
      size: 796
    - path: src/data/preprocess.py
      hash: md5
      md5: 0f8eb2384584e5de269091e168828ce5
      size: 8846
    outs:
    - path: data/interim/df_preprocessed.csv
      hash: md5
      md5: 59748fdd2b86623a74710ae8fcf84309
      size: 13394376
    - path: data/processed
      hash: md5
      md5: d9d3df1564299c54b9b76aa346add9c5.dir
      size: 61572563
      nfiles: 4
  prepare_splits:
    cmd: python src/data/training_data_splits_by_year.py
    deps:
    - path: data/processed
      hash: md5
      md5: d9d3df1564299c54b9b76aa346add9c5.dir
      size: 61572563
      nfiles: 4
    - path: params.yaml
      hash: md5
      md5: 9b649550700cadeb52bcf09d6903cebb
      size: 796
    - path: src/data/training_data_splits_by_year.py
      hash: md5
      md5: b7bc947496372ddc7da9e61780cf2915
      size: 6960
    outs:
    - path: data/training_data_splits_by_year
      hash: md5
      md5: 2a251d05f13facc65ab581d8fe0126a3.dir
      size: 316565387
      nfiles: 37
